hash: f12d7500571a2a0f8c1a3aa49ecc2de5015645a4de0d303f4712f0f74328978c
updated: 2017-07-06T16:00:39.154250074-03:00
imports:
- name: github.com/armon/go-metrics
  version: 97c69685293dce4c0a2d0b19535179bbc976e4d2
- name: github.com/armon/go-radix
  version: 4239b77079c7b5d1243b7b4736304ce8ddb6f0f2
- name: github.com/coreos/etcd
  version: be740dc4362bf90d63650ddb809daf8f5abd16a6
  subpackages:
  - client
  - pkg/pathutil
  - pkg/types
- name: github.com/davecgh/go-spew
  version: 6d212800a42e8ab5c146b8ace3490ee17e5225f9
  subpackages:
  - spew
- name: github.com/deckarep/golang-set
  version: fc8930a5e645572ee00bf66358ed3414f3c13b90
- name: github.com/dgrijalva/jwt-go
  version: 9ed569b5d1ac936e6494082958d63a6aa4fff99a
- name: github.com/docker/libkv
  version: aabc039ad04deb721e234f99cd1b4aa28ac71a40
  subpackages:
  - store
  - store/consul
  - store/etcd
- name: github.com/eapache/channels
  version: 47238d5aae8c0fefd518ef2bee46290909cf8263
- name: github.com/eapache/queue
  version: 44cc805cf13205b55f69e14bcb69867d1ae92f98
- name: github.com/fatih/structs
  version: dc3312cb1a4513a366c4c9e622ad55c32df12ed3
- name: github.com/fsnotify/fsnotify
  version: fd9ec7deca8bf46ecd2a795baaacf2b3a9be1197
- name: github.com/go-playground/locales
  version: 273913d3b2ff7127452603d55dd3f6f888e4f268
  subpackages:
  - currency
- name: github.com/go-playground/universal-translator
  version: 8bf00f2bdf7faea5c3583d41f57bf1eb15b743d7
- name: github.com/google/seesaw
  version: f11734aa58f0f45d1715844228955a05cdc06f67
  subpackages:
  - ipvs
  - netlink
- name: github.com/hashicorp/consul
  version: 17db4a572287f2b0cf93e47339a17db522f12d45
  subpackages:
  - api
- name: github.com/hashicorp/errwrap
  version: 7554cd9344cec97297fa6649b055a8c98c2a1e55
- name: github.com/hashicorp/go-cleanhttp
  version: ad28ea4487f05916463e2423a55166280e8254b5
- name: github.com/hashicorp/go-memdb
  version: 98f52f52d7a476958fa9da671354d270c50661a7
- name: github.com/hashicorp/go-msgpack
  version: fa3f63826f7c23912c15263591e65d54d080b458
  subpackages:
  - codec
- name: github.com/hashicorp/go-multierror
  version: 8484912a3b9987857bac52e0c5fec2b95f419628
- name: github.com/hashicorp/hcl
  version: 37ab263305aaeb501a60eb16863e808d426e37f2
  subpackages:
  - hcl/ast
  - hcl/parser
  - hcl/scanner
  - hcl/strconv
  - hcl/token
  - json/parser
  - json/scanner
  - json/token
- name: github.com/hashicorp/logutils
  version: 0dc08b1671f34c4250ce212759ebd880f743d883
- name: github.com/hashicorp/memberlist
  version: 56f5fd70afa73f13bbe529192aeb3dc7bc4bc960
- name: github.com/hashicorp/serf
  version: d6574a5bb1226678d7010325fb6c985db20ee458
  subpackages:
  - coordinate
  - serf
- name: github.com/inconshreveable/mousetrap
  version: 76626ae9c91c4f2a10f34cad8ce83ea42c93bb75
- name: github.com/influxdata/influxdb
  version: 855c567c67d7fff1e2f91617c292ea20cf26e53c
  subpackages:
  - client/v2
  - models
  - pkg/escape
- name: github.com/labstack/echo
  version: 935a60782cbbc55110e7bd4b33120e4567cbee43
  subpackages:
  - middleware
- name: github.com/labstack/gommon
  version: 447fe7433567c785af957e549aadae2bf2000071
  subpackages:
  - bytes
  - color
  - log
  - random
- name: github.com/luizbafilho/leadership
  version: d62f2888864f584c2f4f6e7a7887945c75d277e7
- name: github.com/magiconair/properties
  version: 9c47895dc1ce54302908ab8a43385d1f5df2c11c
- name: github.com/mattn/go-colorable
  version: d228849504861217f796da67fae4f6e347643f15
- name: github.com/mattn/go-isatty
  version: 30a891c33c7cde7b02a981314b4228ec99380cca
- name: github.com/mdlayher/arp
  version: d035564bbb237a8495b1adde001ae65add2888c9
- name: github.com/mdlayher/ethernet
  version: 28018267bba4d651e8e0fcbca8aae7c13f4ce4ae
- name: github.com/mdlayher/raw
  version: 472104a05395b20ff1df7d8abe3efb400d68c3cc
- name: github.com/miekg/dns
  version: 4744e915eb51a9defb5fb13c24ce2c8408d2fd98
- name: github.com/mikioh/ipaddr
  version: 9ea9208ba287b3ccf2d3e357843ad453e8a4e2f7
- name: github.com/mitchellh/mapstructure
  version: bfdb1a85537d60bc7e954e600c250219ea497417
- name: github.com/mqliang/libipvs
  version: b5ccc1e5bd005b75d533a255f9c0cb06758e31d5
- name: github.com/osrg/gobgp
  version: 4ecf30f884ae7578ef3ce1a34510d9dd02c6e2bf
  subpackages:
  - config
  - packet/bgp
  - packet/bmp
  - packet/mrt
  - packet/rtr
  - server
  - table
  - zebra
- name: github.com/pelletier/go-buffruneio
  version: df1e16fde7fc330a0ca68167c23bf7ed6ac31d6d
- name: github.com/pelletier/go-toml
  version: ce7be745f09fe4ff89af8e3ea744e1deabf20ee3
- name: github.com/pkg/errors
  version: 645ef00459ed84a119197bfb8d8205042c6df63d
- name: github.com/pmezard/go-difflib
  version: d8ed2627bdf02c080bf22230dbb337003b7aba2d
  subpackages:
  - difflib
- name: github.com/satori/go.uuid
  version: b061729afc07e77a8aa4fad0a2fd840958f1942a
- name: github.com/Sirupsen/logrus
  version: ba1b36c82c5e05c4f912a88eab0dcd91a171688f
- name: github.com/spf13/afero
  version: 2f30b2a92c0e5700bcfe4715891adb1f2a7a406d
  subpackages:
  - mem
- name: github.com/spf13/cast
  version: 24b6558033ffe202bf42f0f3b870dcc798dd2ba8
- name: github.com/spf13/cobra
  version: 9495bc009a56819bdb0ddbc1a373e29c140bc674
- name: github.com/spf13/jwalterweatherman
  version: 33c24e77fb80341fe7130ee7c594256ff08ccc46
- name: github.com/spf13/pflag
  version: 5ccb023bc27df288a957c5e994cd44fd19619465
- name: github.com/spf13/viper
  version: 651d9d916abc3c3d6a91a12549495caba5edffd2
- name: github.com/stretchr/objx
  version: cbeaeb16a013161a98496fad62933b1d21786672
- name: github.com/stretchr/testify
  version: 69483b4bd14f5845b5a1e55bca19e954e827f1d0
  subpackages:
  - assert
  - mock
  - require
  - suite
- name: github.com/tylerb/graceful
  version: 4df1190835320af7076dfcf27b3d071fd3612caf
- name: github.com/ugorji/go
  version: 9c7f9b7a2bc3a520f7c7b30b34b7f85f47fe27b6
  subpackages:
  - codec
- name: github.com/valyala/fasttemplate
  version: 3b874956e03f1636d171bda64b130f9135f42cff
- name: github.com/vishvananda/netlink
  version: 7a823e360eee9619b585d41579dfd445a8f788cb
  subpackages:
  - nl
- name: github.com/vishvananda/netns
  version: 8ba1072b58e0c2a240eb5f6120165c7776c3e7b8
- name: golang.org/x/crypto
  version: 9a6f0a01987842989747adff311d80750ba25530
  subpackages:
  - acme
  - acme/autocert
- name: golang.org/x/net
  version: 6cdc0daab091c43fc46193327e0047b4f883c613
  subpackages:
  - bpf
  - context
  - context/ctxhttp
- name: golang.org/x/sys
  version: 478fcf54317e52ab69f40bb4c7a1520288d7f7ea
  subpackages:
  - unix
- name: golang.org/x/text
  version: 47a200a05c8b3fd1b698571caecbb68beb2611ec
  subpackages:
  - transform
  - unicode/norm
- name: gopkg.in/go-playground/validator.v9
  version: fb68f39656d7ebf8aa339ad4917aa0c260ecc237
- name: gopkg.in/tomb.v2
  version: d5d1b5820637886def9eef33e03a27a9f166942c
- name: gopkg.in/yaml.v2
  version: a5b47d31c556af34a302ce5d659e6fea44d90de0
testImports:
- name: github.com/appleboy/gofight
  version: beadc315fb676177c07a89c34159b9ca4e1aafd9
- name: gopkg.in/check.v1
  version: 20d25e2804050c1cd24a7eea1e7a6447dd0e74ec
